
Microsoft Visual Studio Solution File, Format Version 12.00
# Visual Studio Version 17
VisualStudioVersion = 17.9.34714.143
MinimumVisualStudioVersion = 10.0.40219.1
Project("{FAE04EC0-301F-11D3-BF4B-00C04F79EFBC}") = "Ecommerce.WebApp", "Ecommerce.WebApp\Ecommerce.WebApp.csproj", "{0BFF5CB2-86ED-48C1-AE87-44A83DD6AE92}"
EndProject
Project("{FAE04EC0-301F-11D3-BF4B-00C04F79EFBC}") = "Ecommerce.ProductService", "Ecommerce.ProductService\Ecommerce.ProductService.csproj", "{67E16290-A299-438E-81BD-7B01B65A42C6}"
EndProject
Project("{FAE04EC0-301F-11D3-BF4B-00C04F79EFBC}") = "Ecommerce.OrderService", "Ecommerce.OrderService\Ecommerce.OrderService.csproj", "{8240D99D-BB20-4769-B07F-6ECD2CD188E9}"
EndProject
Project("{FAE04EC0-301F-11D3-BF4B-00C04F79EFBC}") = "Ecommerce.AppHost", "Ecommerce.AppHost\Ecommerce.AppHost.csproj", "{8D2838D4-43F5-4C71-8437-0B70C72EE74E}"
EndProject
Global
	GlobalSection(SolutionConfigurationPlatforms) = preSolution
		Debug|Any CPU = Debug|Any CPU
		Release|Any CPU = Release|Any CPU
	EndGlobalSection
	GlobalSection(ProjectConfigurationPlatforms) = postSolution
		{0BFF5CB2-86ED-48C1-AE87-44A83DD6AE92}.Debug|Any CPU.ActiveCfg = Debug|Any CPU
		{0BFF5CB2-86ED-48C1-AE87-44A83DD6AE92}.Debug|Any CPU.Build.0 = Debug|Any CPU
		{0BFF5CB2-86ED-48C1-AE87-44A83DD6AE92}.Release|Any CPU.ActiveCfg = Release|Any CPU
		{0BFF5CB2-86ED-48C1-AE87-44A83DD6AE92}.Release|Any CPU.Build.0 = Release|Any CPU
		{67E16290-A299-438E-81BD-7B01B65A42C6}.Debug|Any CPU.ActiveCfg = Debug|Any CPU
		{67E16290-A299-438E-81BD-7B01B65A42C6}.Debug|Any CPU.Build.0 = Debug|Any CPU
		{67E16290-A299-438E-81BD-7B01B65A42C6}.Release|Any CPU.ActiveCfg = Release|Any CPU
		{67E16290-A299-438E-81BD-7B01B65A42C6}.Release|Any CPU.Build.0 = Release|Any CPU
		{8240D99D-BB20-4769-B07F-6ECD2CD188E9}.Debug|Any CPU.ActiveCfg = Debug|Any CPU
		{8240D99D-BB20-4769-B07F-6ECD2CD188E9}.Debug|Any CPU.Build.0 = Debug|Any CPU
		{8240D99D-BB20-4769-B07F-6ECD2CD188E9}.Release|Any CPU.ActiveCfg = Release|Any CPU
		{8240D99D-BB20-4769-B07F-6ECD2CD188E9}.Release|Any CPU.Build.0 = Release|Any CPU
		{8D2838D4-43F5-4C71-8437-0B70C72EE74E}.Debug|Any CPU.ActiveCfg = Debug|Any CPU
		{8D2838D4-43F5-4C71-8437-0B70C72EE74E}.Debug|Any CPU.Build.0 = Debug|Any CPU
		{8D2838D4-43F5-4C71-8437-0B70C72EE74E}.Release|Any CPU.ActiveCfg = Release|Any CPU
		{8D2838D4-43F5-4C71-8437-0B70C72EE74E}.Release|Any CPU.Build.0 = Release|Any CPU
	EndGlobalSection
	GlobalSection(SolutionProperties) = preSolution
		HideSolutionNode = FALSE
	EndGlobalSection
	GlobalSection(ExtensibilityGlobals) = postSolution
		SolutionGuid = {28A125C3-8F89-44A2-BFCE-6CF53B25587E}
	EndGlobalSection
EndGlobal
